
Microsoft Visual Studio Solution File, Format Version 12.00
# Visual Studio Version 17
VisualStudioVersion = 17.14.36109.1 d17.14
MinimumVisualStudioVersion = 10.0.40219.1
Project("{FAE04EC0-301F-11D3-BF4B-00C04F79EFBC}") = "FinalTDD", "FinalTDD\FinalTDD.csproj", "{FF848936-57C9-4F0C-B669-9FC91404DDE6}"
EndProject
Project("{FAE04EC0-301F-11D3-BF4B-00C04F79EFBC}") = "FinalTestTDD", "FinalTestTDD\FinalTestTDD.csproj", "{5BA5697A-E61D-43E5-B2CE-A3F2309FFFF9}"
EndProject
Global
	GlobalSection(SolutionConfigurationPlatforms) = preSolution
		Debug|Any CPU = Debug|Any CPU
		Release|Any CPU = Release|Any CPU
	EndGlobalSection
	GlobalSection(ProjectConfigurationPlatforms) = postSolution
		{FF848936-57C9-4F0C-B669-9FC91404DDE6}.Debug|Any CPU.ActiveCfg = Debug|Any CPU
		{FF848936-57C9-4F0C-B669-9FC91404DDE6}.Debug|Any CPU.Build.0 = Debug|Any CPU
		{FF848936-57C9-4F0C-B669-9FC91404DDE6}.Release|Any CPU.ActiveCfg = Release|Any CPU
		{FF848936-57C9-4F0C-B669-9FC91404DDE6}.Release|Any CPU.Build.0 = Release|Any CPU
		{5BA5697A-E61D-43E5-B2CE-A3F2309FFFF9}.Debug|Any CPU.ActiveCfg = Debug|Any CPU
		{5BA5697A-E61D-43E5-B2CE-A3F2309FFFF9}.Debug|Any CPU.Build.0 = Debug|Any CPU
		{5BA5697A-E61D-43E5-B2CE-A3F2309FFFF9}.Release|Any CPU.ActiveCfg = Release|Any CPU
		{5BA5697A-E61D-43E5-B2CE-A3F2309FFFF9}.Release|Any CPU.Build.0 = Release|Any CPU
	EndGlobalSection
	GlobalSection(SolutionProperties) = preSolution
		HideSolutionNode = FALSE
	EndGlobalSection
	GlobalSection(ExtensibilityGlobals) = postSolution
		SolutionGuid = {4C55FAAB-DEEB-4953-B482-25C0BB6E4495}
	EndGlobalSection
EndGlobal
